{
  "version": 4,
  "terraform_version": "1.15.8",
  "serial": 20,
  "lineage": "695ae953-daf9-378d-17ce-3e0e70bb0b32",
  "outputs": {},
  "resources": [
    {
      "mode": "managed",
      "type": "azurerm_network_security_group",
      "name": "nsg",
      "provider": "provider[\"registry.terraform.io/hashicorp/azurerm\"]",
      "instances": [
        {
          "schema_version": 0,
          "attributes": {
            "id": "/subscriptions/0efc1bfe-4f3f-4361-b143-b737300e5e14/resourceGroups/yasar-ntmstf-rg/providers/Microsoft.Network/networkSecurityGroups/yasar-nsg",
            "location": "westus",
            "name": "yasar-nsg",
            "resource_group_name": "yasar-ntmstf-rg",
            "security_rule": [
              {
                "access": "Allow",
                "description": "",
                "destination_address_prefix": "*",
                "destination_address_prefixes": [],
                "destination_application_security_group_ids": [],
                "destination_port_range": "*",
                "destination_port_ranges": [],
                "direction": "Inbound",
                "name": "allow-http",
                "priority": 300,
                "protocol": "Tcp",
                "source_address_prefix": "*",
                "source_address_prefixes": [],
                "source_application_security_group_ids": [],
                "source_port_range": "*",
                "source_port_ranges": []
              },
              {
                "access": "Allow",
                "description": "",
                "destination_address_prefix": "*",
                "destination_address_prefixes": [],
                "destination_application_security_group_ids": [],
                "destination_port_range": "3389",
                "destination_port_ranges": [],
                "direction": "Inbound",
                "name": "rdp-allow",
                "priority": 400,
                "protocol": "Tcp",
                "source_address_prefix": "*",
                "source_address_prefixes": [],
                "source_application_security_group_ids": [],
                "source_port_range": "*",
                "source_port_ranges": []
              }
            ],
            "tags": {
              "env": "dev",
              "owner": "yasar"
            },
            "timeouts": null
          },
          "sensitive_attributes": [],
          "identity_schema_version": 0,
          "identity": {
            "name": "yasar-nsg",
            "resource_group_name": "yasar-ntmstf-rg",
            "subscription_id": "0efc1bfe-4f3f-4361-b143-b737300e5e14"
          },
          "private": "eyJlMmJmYjczMC1lY2FhLTExZTYtOGY4OC0zNDM2M2JjN2M0YzAiOnsiY3JlYXRlIjoxODAwMDAwMDAwMDAwLCJkZWxldGUiOjE4MDAwMDAwMDAwMDAsInJlYWQiOjMwMDAwMDAwMDAwMCwidXBkYXRlIjoxODAwMDAwMDAwMDAwfX0=",
          "dependencies": [
            "azurerm_resource_group.rg"
          ]
        }
      ]
    },
    {
      "mode": "managed",
      "type": "azurerm_network_security_rule",
      "name": "http",
      "provider": "provider[\"registry.terraform.io/hashicorp/azurerm\"]",
      "instances": [
        {
          "schema_version": 0,
          "attributes": {
            "access": "Allow",
            "description": "",
            "destination_address_prefix": "*",
            "destination_address_prefixes": [],
            "destination_application_security_group_ids": [],
            "destination_port_range": "*",
            "destination_port_ranges": [],
            "direction": "Inbound",
            "id": "/subscriptions/0efc1bfe-4f3f-4361-b143-b737300e5e14/resourceGroups/yasar-ntmstf-rg/providers/Microsoft.Network/networkSecurityGroups/yasar-nsg/securityRules/allow-http",
            "name": "allow-http",
            "network_security_group_name": "yasar-nsg",
            "priority": 300,
            "protocol": "Tcp",
            "resource_group_name": "yasar-ntmstf-rg",
            "source_address_prefix": "*",
            "source_address_prefixes": [],
            "source_application_security_group_ids": [],
            "source_port_range": "*",
            "source_port_ranges": [],
            "timeouts": null
          },
          "sensitive_attributes": [],
          "identity_schema_version": 0,
          "identity": {
            "name": "allow-http",
            "network_security_group_name": "yasar-nsg",
            "resource_group_name": "yasar-ntmstf-rg",
            "subscription_id": "0efc1bfe-4f3f-4361-b143-b737300e5e14"
          },
          "private": "eyJlMmJmYjczMC1lY2FhLTExZTYtOGY4OC0zNDM2M2JjN2M0YzAiOnsiY3JlYXRlIjoxODAwMDAwMDAwMDAwLCJkZWxldGUiOjE4MDAwMDAwMDAwMDAsInJlYWQiOjMwMDAwMDAwMDAwMCwidXBkYXRlIjoxODAwMDAwMDAwMDAwfX0=",
          "dependencies": [
            "azurerm_network_security_group.nsg",
            "azurerm_resource_group.rg"
          ]
        }
      ]
    },
    {
      "mode": "managed",
      "type": "azurerm_network_security_rule",
      "name": "rdp",
      "provider": "provider[\"registry.terraform.io/hashicorp/azurerm\"]",
      "instances": [
        {
          "schema_version": 0,
          "attributes": {
            "access": "Allow",
            "description": "",
            "destination_address_prefix": "*",
            "destination_address_prefixes": [],
            "destination_application_security_group_ids": [],
            "destination_port_range": "3389",
            "destination_port_ranges": [],
            "direction": "Inbound",
            "id": "/subscriptions/0efc1bfe-4f3f-4361-b143-b737300e5e14/resourceGroups/yasar-ntmstf-rg/providers/Microsoft.Network/networkSecurityGroups/yasar-nsg/securityRules/rdp-allow",
            "name": "rdp-allow",
            "network_security_group_name": "yasar-nsg",
            "priority": 400,
            "protocol": "Tcp",
            "resource_group_name": "yasar-ntmstf-rg",
            "source_address_prefix": "*",
            "source_address_prefixes": [],
            "source_application_security_group_ids": [],
            "source_port_range": "*",
            "source_port_ranges": [],
            "timeouts": null
          },
          "sensitive_attributes": [],
          "identity_schema_version": 0,
          "identity": {
            "name": "rdp-allow",
            "network_security_group_name": "yasar-nsg",
            "resource_group_name": "yasar-ntmstf-rg",
            "subscription_id": "0efc1bfe-4f3f-4361-b143-b737300e5e14"
          },
          "private": "eyJlMmJmYjczMC1lY2FhLTExZTYtOGY4OC0zNDM2M2JjN2M0YzAiOnsiY3JlYXRlIjoxODAwMDAwMDAwMDAwLCJkZWxldGUiOjE4MDAwMDAwMDAwMDAsInJlYWQiOjMwMDAwMDAwMDAwMCwidXBkYXRlIjoxODAwMDAwMDAwMDAwfX0=",
          "dependencies": [
            "azurerm_network_security_group.nsg",
            "azurerm_resource_group.rg"
          ]
        }
      ]
    },
    {
      "mode": "managed",
      "type": "azurerm_resource_group",
      "name": "rg",
      "provider": "provider[\"registry.terraform.io/hashicorp/azurerm\"]",
      "instances": [
        {
          "schema_version": 0,
          "attributes": {
            "id": "/subscriptions/0efc1bfe-4f3f-4361-b143-b737300e5e14/resourceGroups/yasar-ntmstf-rg",
            "location": "westus",
            "managed_by": "",
            "name": "yasar-ntmstf-rg",
            "tags": {
              "env": "dev",
              "owner": "yasar"
            },
            "timeouts": null
          },
          "sensitive_attributes": [],
          "identity_schema_version": 0,
          "identity": {
            "name": "yasar-ntmstf-rg",
            "subscription_id": "0efc1bfe-4f3f-4361-b143-b737300e5e14"
          },
          "private": "eyJlMmJmYjczMC1lY2FhLTExZTYtOGY4OC0zNDM2M2JjN2M0YzAiOnsiY3JlYXRlIjo1NDAwMDAwMDAwMDAwLCJkZWxldGUiOjU0MDAwMDAwMDAwMDAsInJlYWQiOjMwMDAwMDAwMDAwMCwidXBkYXRlIjo1NDAwMDAwMDAwMDAwfX0="
        }
      ]
    },
    {
      "mode": "managed",
      "type": "azurerm_subnet",
      "name": "snet",
      "provider": "provider[\"registry.terraform.io/hashicorp/azurerm\"]",
      "instances": [
        {
          "schema_version": 0,
          "attributes": {
            "address_prefixes": [
              "10.1.0.0/24"
            ],
            "default_outbound_access_enabled": true,
            "delegation": [],
            "id": "/subscriptions/0efc1bfe-4f3f-4361-b143-b737300e5e14/resourceGroups/yasar-ntmstf-rg/providers/Microsoft.Network/virtualNetworks/yasar-vnet/subnets/web-subnet",
            "ip_address_pool": [],
            "name": "web-subnet",
            "network_security_group_id": "",
            "network_security_group_id_wo": null,
            "network_security_group_id_wo_version": 0,
            "private_endpoint_network_policies": "Disabled",
            "private_link_service_network_policies_enabled": true,
            "resource_group_name": "yasar-ntmstf-rg",
            "route_table_id": "",
            "route_table_id_wo": null,
            "route_table_id_wo_version": 0,
            "service_endpoint": [],
            "service_endpoint_policy_ids": [],
            "sharing_scope": "",
            "timeouts": null,
            "virtual_network_name": "yasar-vnet"
          },
          "sensitive_attributes": [],
          "identity_schema_version": 0,
          "identity": {
            "name": "web-subnet",
            "resource_group_name": "yasar-ntmstf-rg",
            "subscription_id": "0efc1bfe-4f3f-4361-b143-b737300e5e14",
            "virtual_network_name": "yasar-vnet"
          },
          "private": "eyJlMmJmYjczMC1lY2FhLTExZTYtOGY4OC0zNDM2M2JjN2M0YzAiOnsiY3JlYXRlIjoxODAwMDAwMDAwMDAwLCJkZWxldGUiOjE4MDAwMDAwMDAwMDAsInJlYWQiOjMwMDAwMDAwMDAwMCwidXBkYXRlIjoxODAwMDAwMDAwMDAwfX0=",
          "dependencies": [
            "azurerm_resource_group.rg",
            "azurerm_virtual_network.vnet"
          ]
        }
      ]
    },
    {
      "mode": "managed",
      "type": "azurerm_virtual_network",
      "name": "vnet",
      "provider": "provider[\"registry.terraform.io/hashicorp/azurerm\"]",
      "instances": [
        {
          "schema_version": 0,
          "attributes": {
            "address_space": [
              "10.1.0.0/16"
            ],
            "bgp_community": "",
            "ddos_protection_plan": [],
            "dns_servers": [],
            "edge_zone": "",
            "encryption": [],
            "flow_timeout_in_minutes": 0,
            "guid": "21d91c0e-e96e-4b94-92d3-3e4e0299b3ab",
            "id": "/subscriptions/0efc1bfe-4f3f-4361-b143-b737300e5e14/resourceGroups/yasar-ntmstf-rg/providers/Microsoft.Network/virtualNetworks/yasar-vnet",
            "ip_address_pool": [],
            "location": "westus",
            "name": "yasar-vnet",
            "private_endpoint_vnet_policies": "Disabled",
            "resource_group_name": "yasar-ntmstf-rg",
            "subnet": [
              {
                "address_prefixes": [
                  "10.1.0.0/24"
                ],
                "default_outbound_access_enabled": true,
                "delegation": [],
                "id": "/subscriptions/0efc1bfe-4f3f-4361-b143-b737300e5e14/resourceGroups/yasar-ntmstf-rg/providers/Microsoft.Network/virtualNetworks/yasar-vnet/subnets/web-subnet",
                "name": "web-subnet",
                "private_endpoint_network_policies": "Disabled",
                "private_link_service_network_policies_enabled": true,
                "route_table_id": "",
                "security_group": "",
                "service_endpoint": [],
                "service_endpoint_policy_ids": []
              },
              {
                "address_prefixes": [
                  "10.1.1.0/24"
                ],
                "default_outbound_access_enabled": true,
                "delegation": [],
                "id": "/subscriptions/0efc1bfe-4f3f-4361-b143-b737300e5e14/resourceGroups/yasar-ntmstf-rg/providers/Microsoft.Network/virtualNetworks/yasar-vnet/subnets/app-subnet",
                "name": "app-subnet",
                "private_endpoint_network_policies": "Disabled",
                "private_link_service_network_policies_enabled": true,
                "route_table_id": "",
                "security_group": "",
                "service_endpoint": [],
                "service_endpoint_policy_ids": []
              }
            ],
            "tags": {
              "env": "dev",
              "owner": "yasar"
            },
            "timeouts": null
          },
          "sensitive_attributes": [],
          "identity_schema_version": 0,
          "identity": {
            "name": "yasar-vnet",
            "resource_group_name": "yasar-ntmstf-rg",
            "subscription_id": "0efc1bfe-4f3f-4361-b143-b737300e5e14"
          },
          "private": "eyJlMmJmYjczMC1lY2FhLTExZTYtOGY4OC0zNDM2M2JjN2M0YzAiOnsiY3JlYXRlIjoxODAwMDAwMDAwMDAwLCJkZWxldGUiOjE4MDAwMDAwMDAwMDAsInJlYWQiOjMwMDAwMDAwMDAwMCwidXBkYXRlIjoxODAwMDAwMDAwMDAwfX0=",
          "dependencies": [
            "azurerm_resource_group.rg"
          ]
        }
      ]
    }
  ],
  "check_results": null
}
